// !$*UTF8*$!
{
	archiveVersion = 1;
	classes = {
	};
	objectVersion = 56;
	objects = {

/* Begin PBXBuildFile section */
		3F0C3FE9B864F211F30B6AC6 /* Pods_GXChatKitSample.framework in Frameworks */ = {isa = PBXBuildFile; fileRef = 7A270D126ED81AC0AD384808 /* Pods_GXChatKitSample.framework */; };
		96198E5E29BAD7AC005C42A2 /* GXDefine.swift in Sources */ = {isa = PBXBuildFile; fileRef = 96198E5D29BAD7AC005C42A2 /* GXDefine.swift */; };
		96198E6029BD31C1005C42A2 /* GXMessagesMediaCell.swift in Sources */ = {isa = PBXBuildFile; fileRef = 96198E5F29BD31C1005C42A2 /* GXMessagesMediaCell.swift */; };
		96198E6229BD5781005C42A2 /* GXTestTextData.swift in Sources */ = {isa = PBXBuildFile; fileRef = 96198E6129BD5781005C42A2 /* GXTestTextData.swift */; };
		9623D81F29B983B300BE0BFB /* GXMessagesTestCell.swift in Sources */ = {isa = PBXBuildFile; fileRef = 9623D81E29B983B300BE0BFB /* GXMessagesTestCell.swift */; };
		9639158D2962796F002974F7 /* Pods_GXChatUIKit.framework in Frameworks */ = {isa = PBXBuildFile; fileRef = 0A8628E22BB9F4121D8D3B27 /* Pods_GXChatUIKit.framework */; };
		96495C4429C1A1170055C19A /* GXAudioManager.swift in Sources */ = {isa = PBXBuildFile; fileRef = 96495C4329C1A1170055C19A /* GXAudioManager.swift */; };
		96495C4629C1E4F20055C19A /* voip_call_noice.wav in Resources */ = {isa = PBXBuildFile; fileRef = 96495C4529C1E4F20055C19A /* voip_call_noice.wav */; };
		96495C4A29C1EE4F0055C19A /* redpacket_sound_open.wav in Resources */ = {isa = PBXBuildFile; fileRef = 96495C4929C1EE4F0055C19A /* redpacket_sound_open.wav */; };
		965FA5B0296C3AEC001D7633 /* GXChatUIKit.bundle in Resources */ = {isa = PBXBuildFile; fileRef = 965FA5AF296C3AEC001D7633 /* GXChatUIKit.bundle */; };
		965FA5B52970439B001D7633 /* GXMessagesBaseCell.swift in Sources */ = {isa = PBXBuildFile; fileRef = 965FA5B32970439B001D7633 /* GXMessagesBaseCell.swift */; };
		965FA5B62970439B001D7633 /* GXMessagesTextCell.swift in Sources */ = {isa = PBXBuildFile; fileRef = 965FA5B42970439B001D7633 /* GXMessagesTextCell.swift */; };
		965FA5B8297055AC001D7633 /* UIImage+GXChat.swift in Sources */ = {isa = PBXBuildFile; fileRef = 965FA5B7297055AC001D7633 /* UIImage+GXChat.swift */; };
		9675963529D18D3400A4A11B /* GXMessagesRichText.swift in Sources */ = {isa = PBXBuildFile; fileRef = 9675963429D18D3400A4A11B /* GXMessagesRichText.swift */; };
		9675963729D194B100A4A11B /* GXMessagesLocationContent.swift in Sources */ = {isa = PBXBuildFile; fileRef = 9675963629D194B100A4A11B /* GXMessagesLocationContent.swift */; };
		9675963929D1C98800A4A11B /* GXMessagesLocationCell.swift in Sources */ = {isa = PBXBuildFile; fileRef = 9675963829D1C98800A4A11B /* GXMessagesLocationCell.swift */; };
		968B917329C941A100F6113B /* GXChatConfiguration.swift in Sources */ = {isa = PBXBuildFile; fileRef = 968B917229C941A100F6113B /* GXChatConfiguration.swift */; };
		9699575A2973E698001DCC17 /* GXMessagesItemLayoutData.swift in Sources */ = {isa = PBXBuildFile; fileRef = 969957592973E698001DCC17 /* GXMessagesItemLayoutData.swift */; };
		9699575C2974075F001DCC17 /* GXMessagesAvatar.swift in Sources */ = {isa = PBXBuildFile; fileRef = 9699575B2974075F001DCC17 /* GXMessagesAvatar.swift */; };
		9699575E297407EF001DCC17 /* GXMessagesBubble.swift in Sources */ = {isa = PBXBuildFile; fileRef = 9699575D297407EF001DCC17 /* GXMessagesBubble.swift */; };
		9699576229750CFF001DCC17 /* GXMessagesTextContent.swift in Sources */ = {isa = PBXBuildFile; fileRef = 9699576129750CFF001DCC17 /* GXMessagesTextContent.swift */; };
		9699576429751AFC001DCC17 /* GXMessagesPhotoContent.swift in Sources */ = {isa = PBXBuildFile; fileRef = 9699576329751AFC001DCC17 /* GXMessagesPhotoContent.swift */; };
		9699576629752525001DCC17 /* GXMessagesVideoContent.swift in Sources */ = {isa = PBXBuildFile; fileRef = 9699576529752525001DCC17 /* GXMessagesVideoContent.swift */; };
		969957682975756A001DCC17 /* GXMessagesAvatarFactory.swift in Sources */ = {isa = PBXBuildFile; fileRef = 969957672975756A001DCC17 /* GXMessagesAvatarFactory.swift */; };
		9699576C29757C39001DCC17 /* GXChatUIKit.docc in Sources */ = {isa = PBXBuildFile; fileRef = 9699576B29757C39001DCC17 /* GXChatUIKit.docc */; };
		9699576E29757CD1001DCC17 /* Bundle+GXChat.swift in Sources */ = {isa = PBXBuildFile; fileRef = 9699576D29757CD1001DCC17 /* Bundle+GXChat.swift */; };
		9699577229757F2D001DCC17 /* GXMessagesViewController.swift in Sources */ = {isa = PBXBuildFile; fileRef = 9699577129757F2D001DCC17 /* GXMessagesViewController.swift */; };
		969957762975A9D6001DCC17 /* GXMessagesBubbleFactory.swift in Sources */ = {isa = PBXBuildFile; fileRef = 969957752975A9D6001DCC17 /* GXMessagesBubbleFactory.swift */; };
		9699577829767567001DCC17 /* UIColor+GXChat.swift in Sources */ = {isa = PBXBuildFile; fileRef = 9699577729767567001DCC17 /* UIColor+GXChat.swift */; };
		969EB48D29C468A50005A5EE /* dudu_1.m4a in Resources */ = {isa = PBXBuildFile; fileRef = 969EB48C29C468A50005A5EE /* dudu_1.m4a */; };
		96A36A7729C2BFF500BD4506 /* GXMessagesAudioTrackView.swift in Sources */ = {isa = PBXBuildFile; fileRef = 96A36A7629C2BFF500BD4506 /* GXMessagesAudioTrackView.swift */; };
		96A36A7929C2E10400BD4506 /* GXUtilManager.swift in Sources */ = {isa = PBXBuildFile; fileRef = 96A36A7829C2E10400BD4506 /* GXUtilManager.swift */; };
		96A3C10D29D2C46700ADBC65 /* GXMessagesCallContent.swift in Sources */ = {isa = PBXBuildFile; fileRef = 96A3C10C29D2C46700ADBC65 /* GXMessagesCallContent.swift */; };
		96A3C11329D2C85E00ADBC65 /* GXChatChineseText.swift in Sources */ = {isa = PBXBuildFile; fileRef = 96A3C11229D2C85E00ADBC65 /* GXChatChineseText.swift */; };
		96A3C11529D2CBDD00ADBC65 /* GXMessagesCallCell.swift in Sources */ = {isa = PBXBuildFile; fileRef = 96A3C11429D2CBDD00ADBC65 /* GXMessagesCallCell.swift */; };
		96A3C11729D43ECF00ADBC65 /* GXMessagesAtContent.swift in Sources */ = {isa = PBXBuildFile; fileRef = 96A3C11629D43ECF00ADBC65 /* GXMessagesAtContent.swift */; };
		96A3C12529D446D300ADBC65 /* GXMessagesContentProtocol.swift in Sources */ = {isa = PBXBuildFile; fileRef = 96A3C12329D446D300ADBC65 /* GXMessagesContentProtocol.swift */; };
		96A3C12629D446D300ADBC65 /* GXMessagesItemDataProtocol.swift in Sources */ = {isa = PBXBuildFile; fileRef = 96A3C12429D446D300ADBC65 /* GXMessagesItemDataProtocol.swift */; };
		96A3C12829D446DF00ADBC65 /* GXChatTextProtocol.swift in Sources */ = {isa = PBXBuildFile; fileRef = 96A3C12729D446DF00ADBC65 /* GXChatTextProtocol.swift */; };
		96A3C12B29D45CBF00ADBC65 /* GXMessagesBaseLayout.swift in Sources */ = {isa = PBXBuildFile; fileRef = 96A3C12A29D45CBF00ADBC65 /* GXMessagesBaseLayout.swift */; };
		96A3C12D29D4609B00ADBC65 /* GXMessagesTextLayout.swift in Sources */ = {isa = PBXBuildFile; fileRef = 96A3C12C29D4609B00ADBC65 /* GXMessagesTextLayout.swift */; };
		96A3C12F29D4628A00ADBC65 /* GXMessagesAudioLayout.swift in Sources */ = {isa = PBXBuildFile; fileRef = 96A3C12E29D4628A00ADBC65 /* GXMessagesAudioLayout.swift */; };
		96A3C13129D46CC500ADBC65 /* GXMessagesPhotoLayout.swift in Sources */ = {isa = PBXBuildFile; fileRef = 96A3C13029D46CC500ADBC65 /* GXMessagesPhotoLayout.swift */; };
		96A3C13329D46D3C00ADBC65 /* GXMessagesVideoLayout.swift in Sources */ = {isa = PBXBuildFile; fileRef = 96A3C13229D46D3C00ADBC65 /* GXMessagesVideoLayout.swift */; };
		96A3C13529D46D6D00ADBC65 /* GXMessagesLocationLayout.swift in Sources */ = {isa = PBXBuildFile; fileRef = 96A3C13429D46D6D00ADBC65 /* GXMessagesLocationLayout.swift */; };
		96A3C13729D46EC500ADBC65 /* GXMessagesCallLayout.swift in Sources */ = {isa = PBXBuildFile; fileRef = 96A3C13629D46EC500ADBC65 /* GXMessagesCallLayout.swift */; };
		96B4FA6529BFA44400AA9384 /* TestXibView.xib in Resources */ = {isa = PBXBuildFile; fileRef = 96B4FA6429BFA44400AA9384 /* TestXibView.xib */; };
		96D13EFD29BDA61A00BF4B80 /* GXMessagesSectionHeader.swift in Sources */ = {isa = PBXBuildFile; fileRef = 96D13EFC29BDA61A00BF4B80 /* GXMessagesSectionHeader.swift */; };
		96D13EFF29BDA6F900BF4B80 /* GXMessagesSectionData.swift in Sources */ = {isa = PBXBuildFile; fileRef = 96D13EFE29BDA6F900BF4B80 /* GXMessagesSectionData.swift */; };
		96D30A912956F4F000AFBB90 /* AppDelegate.swift in Sources */ = {isa = PBXBuildFile; fileRef = 96D30A902956F4F000AFBB90 /* AppDelegate.swift */; };
		96D30A932956F4F000AFBB90 /* SceneDelegate.swift in Sources */ = {isa = PBXBuildFile; fileRef = 96D30A922956F4F000AFBB90 /* SceneDelegate.swift */; };
		96D30A952956F4F000AFBB90 /* ViewController.swift in Sources */ = {isa = PBXBuildFile; fileRef = 96D30A942956F4F000AFBB90 /* ViewController.swift */; };
		96D30A982956F4F000AFBB90 /* Main.storyboard in Resources */ = {isa = PBXBuildFile; fileRef = 96D30A962956F4F000AFBB90 /* Main.storyboard */; };
		96D30A9A2956F4F100AFBB90 /* Assets.xcassets in Resources */ = {isa = PBXBuildFile; fileRef = 96D30A992956F4F100AFBB90 /* Assets.xcassets */; };
		96D30A9D2956F4F100AFBB90 /* LaunchScreen.storyboard in Resources */ = {isa = PBXBuildFile; fileRef = 96D30A9B2956F4F100AFBB90 /* LaunchScreen.storyboard */; };
		96D30AA82956F4F200AFBB90 /* GXChatKitSampleTests.swift in Sources */ = {isa = PBXBuildFile; fileRef = 96D30AA72956F4F200AFBB90 /* GXChatKitSampleTests.swift */; };
		96D30AB22956F4F200AFBB90 /* GXChatKitSampleUITests.swift in Sources */ = {isa = PBXBuildFile; fileRef = 96D30AB12956F4F200AFBB90 /* GXChatKitSampleUITests.swift */; };
		96D30AB42956F4F200AFBB90 /* GXChatKitSampleUITestsLaunchTests.swift in Sources */ = {isa = PBXBuildFile; fileRef = 96D30AB32956F4F200AFBB90 /* GXChatKitSampleUITestsLaunchTests.swift */; };
		96D30ADB2956F5ED00AFBB90 /* GXChatUIKit.framework in Frameworks */ = {isa = PBXBuildFile; fileRef = 96D30AD12956F5ED00AFBB90 /* GXChatUIKit.framework */; };
		96D30AE22956F5EE00AFBB90 /* GXChatUIKitTests.swift in Sources */ = {isa = PBXBuildFile; fileRef = 96D30AE12956F5EE00AFBB90 /* GXChatUIKitTests.swift */; };
		96D30AE62956F5EE00AFBB90 /* GXChatUIKit.framework in Frameworks */ = {isa = PBXBuildFile; fileRef = 96D30AD12956F5ED00AFBB90 /* GXChatUIKit.framework */; };
		96D30AE72956F5EE00AFBB90 /* GXChatUIKit.framework in Embed Frameworks */ = {isa = PBXBuildFile; fileRef = 96D30AD12956F5ED00AFBB90 /* GXChatUIKit.framework */; settings = {ATTRIBUTES = (CodeSignOnCopy, RemoveHeadersOnCopy, ); }; };
		96D431E929CEF63700EE97A1 /* GXMessagesTextView.swift in Sources */ = {isa = PBXBuildFile; fileRef = 96D431E829CEF63700EE97A1 /* GXMessagesTextView.swift */; };
		96E5D43C29C571D9005AB5C9 /* voicexinwen.mp3 in Resources */ = {isa = PBXBuildFile; fileRef = 96E5D43B29C571D9005AB5C9 /* voicexinwen.mp3 */; };
		96F92C9029C41C70009E30F4 /* GXMessagesAudioContent.swift in Sources */ = {isa = PBXBuildFile; fileRef = 96F92C8F29C41C70009E30F4 /* GXMessagesAudioContent.swift */; };
		96F92C9229C443D0009E30F4 /* GXMessagesAudioCell.swift in Sources */ = {isa = PBXBuildFile; fileRef = 96F92C9129C443D0009E30F4 /* GXMessagesAudioCell.swift */; };
/* End PBXBuildFile section */

/* Begin PBXContainerItemProxy section */
		96D30AA42956F4F200AFBB90 /* PBXContainerItemProxy */ = {
			isa = PBXContainerItemProxy;
			containerPortal = 96D30A852956F4F000AFBB90 /* Project object */;
			proxyType = 1;
			remoteGlobalIDString = 96D30A8C2956F4F000AFBB90;
			remoteInfo = GXChatKitSample;
		};
		96D30AAE2956F4F200AFBB90 /* PBXContainerItemProxy */ = {
			isa = PBXContainerItemProxy;
			containerPortal = 96D30A852956F4F000AFBB90 /* Project object */;
			proxyType = 1;
			remoteGlobalIDString = 96D30A8C2956F4F000AFBB90;
			remoteInfo = GXChatKitSample;
		};
		96D30ADC2956F5ED00AFBB90 /* PBXContainerItemProxy */ = {
			isa = PBXContainerItemProxy;
			containerPortal = 96D30A852956F4F000AFBB90 /* Project object */;
			proxyType = 1;
			remoteGlobalIDString = 96D30AD02956F5ED00AFBB90;
			remoteInfo = GXChatUIKit;
		};
		96D30ADE2956F5EE00AFBB90 /* PBXContainerItemProxy */ = {
			isa = PBXContainerItemProxy;
			containerPortal = 96D30A852956F4F000AFBB90 /* Project object */;
			proxyType = 1;
			remoteGlobalIDString = 96D30A8C2956F4F000AFBB90;
			remoteInfo = GXChatKitSample;
		};
		96D30AE42956F5EE00AFBB90 /* PBXContainerItemProxy */ = {
			isa = PBXContainerItemProxy;
			containerPortal = 96D30A852956F4F000AFBB90 /* Project object */;
			proxyType = 1;
			remoteGlobalIDString = 96D30AD02956F5ED00AFBB90;
			remoteInfo = GXChatUIKit;
		};
/* End PBXContainerItemProxy section */

/* Begin PBXCopyFilesBuildPhase section */
		96D30AEB2956F5EE00AFBB90 /* Embed Frameworks */ = {
			isa = PBXCopyFilesBuildPhase;
			buildActionMask = 2147483647;
			dstPath = "";
			dstSubfolderSpec = 10;
			files = (
				96D30AE72956F5EE00AFBB90 /* GXChatUIKit.framework in Embed Frameworks */,
			);
			name = "Embed Frameworks";
			runOnlyForDeploymentPostprocessing = 0;
		};
/* End PBXCopyFilesBuildPhase section */

/* Begin PBXFileReference section */
		0A6D5F89763373089D9C1E97 /* Pods_GXMessagesTableView.framework */ = {isa = PBXFileReference; explicitFileType = wrapper.framework; includeInIndex = 0; path = Pods_GXMessagesTableView.framework; sourceTree = BUILT_PRODUCTS_DIR; };
		0A8628E22BB9F4121D8D3B27 /* Pods_GXChatUIKit.framework */ = {isa = PBXFileReference; explicitFileType = wrapper.framework; includeInIndex = 0; path = Pods_GXChatUIKit.framework; sourceTree = BUILT_PRODUCTS_DIR; };
		0C4DFB93AB4668590E470782 /* Pods-GXMessagesTableView.debug.xcconfig */ = {isa = PBXFileReference; includeInIndex = 1; lastKnownFileType = text.xcconfig; name = "Pods-GXMessagesTableView.debug.xcconfig"; path = "Target Support Files/Pods-GXMessagesTableView/Pods-GXMessagesTableView.debug.xcconfig"; sourceTree = "<group>"; };
		3FAEEC3E597AFF18CABE4A46 /* Pods-GXMessagesTableView.release.xcconfig */ = {isa = PBXFileReference; includeInIndex = 1; lastKnownFileType = text.xcconfig; name = "Pods-GXMessagesTableView.release.xcconfig"; path = "Target Support Files/Pods-GXMessagesTableView/Pods-GXMessagesTableView.release.xcconfig"; sourceTree = "<group>"; };
		62F2C3A8FB2787DE880BE76A /* Pods-GXChatUIKit.release.xcconfig */ = {isa = PBXFileReference; includeInIndex = 1; lastKnownFileType = text.xcconfig; name = "Pods-GXChatUIKit.release.xcconfig"; path = "Target Support Files/Pods-GXChatUIKit/Pods-GXChatUIKit.release.xcconfig"; sourceTree = "<group>"; };
		6D1AEAD9A0A58EE23AE8E3E0 /* Pods-GXChatUIKit.debug.xcconfig */ = {isa = PBXFileReference; includeInIndex = 1; lastKnownFileType = text.xcconfig; name = "Pods-GXChatUIKit.debug.xcconfig"; path = "Target Support Files/Pods-GXChatUIKit/Pods-GXChatUIKit.debug.xcconfig"; sourceTree = "<group>"; };
		7A270D126ED81AC0AD384808 /* Pods_GXChatKitSample.framework */ = {isa = PBXFileReference; explicitFileType = wrapper.framework; includeInIndex = 0; path = Pods_GXChatKitSample.framework; sourceTree = BUILT_PRODUCTS_DIR; };
		96198E5D29BAD7AC005C42A2 /* GXDefine.swift */ = {isa = PBXFileReference; fileEncoding = 4; lastKnownFileType = sourcecode.swift; path = GXDefine.swift; sourceTree = "<group>"; };
		96198E5F29BD31C1005C42A2 /* GXMessagesMediaCell.swift */ = {isa = PBXFileReference; lastKnownFileType = sourcecode.swift; path = GXMessagesMediaCell.swift; sourceTree = "<group>"; };
		96198E6129BD5781005C42A2 /* GXTestTextData.swift */ = {isa = PBXFileReference; lastKnownFileType = sourcecode.swift; path = GXTestTextData.swift; sourceTree = "<group>"; };
		9623D81E29B983B300BE0BFB /* GXMessagesTestCell.swift */ = {isa = PBXFileReference; fileEncoding = 4; lastKnownFileType = sourcecode.swift; path = GXMessagesTestCell.swift; sourceTree = "<group>"; };
		96495C4329C1A1170055C19A /* GXAudioManager.swift */ = {isa = PBXFileReference; lastKnownFileType = sourcecode.swift; path = GXAudioManager.swift; sourceTree = "<group>"; };
		96495C4529C1E4F20055C19A /* voip_call_noice.wav */ = {isa = PBXFileReference; lastKnownFileType = audio.wav; path = voip_call_noice.wav; sourceTree = "<group>"; };
		96495C4929C1EE4F0055C19A /* redpacket_sound_open.wav */ = {isa = PBXFileReference; lastKnownFileType = audio.wav; path = redpacket_sound_open.wav; sourceTree = "<group>"; };
		965FA5AF296C3AEC001D7633 /* GXChatUIKit.bundle */ = {isa = PBXFileReference; lastKnownFileType = "wrapper.plug-in"; path = GXChatUIKit.bundle; sourceTree = "<group>"; };
		965FA5B32970439B001D7633 /* GXMessagesBaseCell.swift */ = {isa = PBXFileReference; fileEncoding = 4; lastKnownFileType = sourcecode.swift; path = GXMessagesBaseCell.swift; sourceTree = "<group>"; };
		965FA5B42970439B001D7633 /* GXMessagesTextCell.swift */ = {isa = PBXFileReference; fileEncoding = 4; lastKnownFileType = sourcecode.swift; path = GXMessagesTextCell.swift; sourceTree = "<group>"; };
		965FA5B7297055AC001D7633 /* UIImage+GXChat.swift */ = {isa = PBXFileReference; lastKnownFileType = sourcecode.swift; path = "UIImage+GXChat.swift"; sourceTree = "<group>"; };
		9675963429D18D3400A4A11B /* GXMessagesRichText.swift */ = {isa = PBXFileReference; fileEncoding = 4; lastKnownFileType = sourcecode.swift; path = GXMessagesRichText.swift; sourceTree = "<group>"; };
		9675963629D194B100A4A11B /* GXMessagesLocationContent.swift */ = {isa = PBXFileReference; lastKnownFileType = sourcecode.swift; path = GXMessagesLocationContent.swift; sourceTree = "<group>"; };
		9675963829D1C98800A4A11B /* GXMessagesLocationCell.swift */ = {isa = PBXFileReference; lastKnownFileType = sourcecode.swift; path = GXMessagesLocationCell.swift; sourceTree = "<group>"; };
		968B917229C941A100F6113B /* GXChatConfiguration.swift */ = {isa = PBXFileReference; fileEncoding = 4; lastKnownFileType = sourcecode.swift; path = GXChatConfiguration.swift; sourceTree = "<group>"; };
		969957592973E698001DCC17 /* GXMessagesItemLayoutData.swift */ = {isa = PBXFileReference; lastKnownFileType = sourcecode.swift; path = GXMessagesItemLayoutData.swift; sourceTree = "<group>"; };
		9699575B2974075F001DCC17 /* GXMessagesAvatar.swift */ = {isa = PBXFileReference; lastKnownFileType = sourcecode.swift; path = GXMessagesAvatar.swift; sourceTree = "<group>"; };
		9699575D297407EF001DCC17 /* GXMessagesBubble.swift */ = {isa = PBXFileReference; lastKnownFileType = sourcecode.swift; path = GXMessagesBubble.swift; sourceTree = "<group>"; };
		9699576129750CFF001DCC17 /* GXMessagesTextContent.swift */ = {isa = PBXFileReference; lastKnownFileType = sourcecode.swift; path = GXMessagesTextContent.swift; sourceTree = "<group>"; };
		9699576329751AFC001DCC17 /* GXMessagesPhotoContent.swift */ = {isa = PBXFileReference; lastKnownFileType = sourcecode.swift; path = GXMessagesPhotoContent.swift; sourceTree = "<group>"; };
		9699576529752525001DCC17 /* GXMessagesVideoContent.swift */ = {isa = PBXFileReference; lastKnownFileType = sourcecode.swift; path = GXMessagesVideoContent.swift; sourceTree = "<group>"; };
		969957672975756A001DCC17 /* GXMessagesAvatarFactory.swift */ = {isa = PBXFileReference; lastKnownFileType = sourcecode.swift; path = GXMessagesAvatarFactory.swift; sourceTree = "<group>"; };
		9699576B29757C39001DCC17 /* GXChatUIKit.docc */ = {isa = PBXFileReference; lastKnownFileType = folder.documentationcatalog; path = GXChatUIKit.docc; sourceTree = "<group>"; };
		9699576D29757CD1001DCC17 /* Bundle+GXChat.swift */ = {isa = PBXFileReference; lastKnownFileType = sourcecode.swift; path = "Bundle+GXChat.swift"; sourceTree = "<group>"; };
		9699577029757EE8001DCC17 /* GXChatUIKit.h */ = {isa = PBXFileReference; lastKnownFileType = sourcecode.c.h; path = GXChatUIKit.h; sourceTree = "<group>"; };
		9699577129757F2D001DCC17 /* GXMessagesViewController.swift */ = {isa = PBXFileReference; lastKnownFileType = sourcecode.swift; path = GXMessagesViewController.swift; sourceTree = "<group>"; };
		969957752975A9D6001DCC17 /* GXMessagesBubbleFactory.swift */ = {isa = PBXFileReference; lastKnownFileType = sourcecode.swift; path = GXMessagesBubbleFactory.swift; sourceTree = "<group>"; };
		9699577729767567001DCC17 /* UIColor+GXChat.swift */ = {isa = PBXFileReference; lastKnownFileType = sourcecode.swift; path = "UIColor+GXChat.swift"; sourceTree = "<group>"; };
		969EB48C29C468A50005A5EE /* dudu_1.m4a */ = {isa = PBXFileReference; lastKnownFileType = file; path = dudu_1.m4a; sourceTree = "<group>"; };
		96A36A7629C2BFF500BD4506 /* GXMessagesAudioTrackView.swift */ = {isa = PBXFileReference; lastKnownFileType = sourcecode.swift; path = GXMessagesAudioTrackView.swift; sourceTree = "<group>"; };
		96A36A7829C2E10400BD4506 /* GXUtilManager.swift */ = {isa = PBXFileReference; lastKnownFileType = sourcecode.swift; path = GXUtilManager.swift; sourceTree = "<group>"; };
		96A3C10C29D2C46700ADBC65 /* GXMessagesCallContent.swift */ = {isa = PBXFileReference; lastKnownFileType = sourcecode.swift; path = GXMessagesCallContent.swift; sourceTree = "<group>"; };
		96A3C11229D2C85E00ADBC65 /* GXChatChineseText.swift */ = {isa = PBXFileReference; lastKnownFileType = sourcecode.swift; path = GXChatChineseText.swift; sourceTree = "<group>"; };
		96A3C11429D2CBDD00ADBC65 /* GXMessagesCallCell.swift */ = {isa = PBXFileReference; lastKnownFileType = sourcecode.swift; path = GXMessagesCallCell.swift; sourceTree = "<group>"; };
		96A3C11629D43ECF00ADBC65 /* GXMessagesAtContent.swift */ = {isa = PBXFileReference; lastKnownFileType = sourcecode.swift; path = GXMessagesAtContent.swift; sourceTree = "<group>"; };
		96A3C12329D446D300ADBC65 /* GXMessagesContentProtocol.swift */ = {isa = PBXFileReference; fileEncoding = 4; lastKnownFileType = sourcecode.swift; path = GXMessagesContentProtocol.swift; sourceTree = "<group>"; };
		96A3C12429D446D300ADBC65 /* GXMessagesItemDataProtocol.swift */ = {isa = PBXFileReference; fileEncoding = 4; lastKnownFileType = sourcecode.swift; path = GXMessagesItemDataProtocol.swift; sourceTree = "<group>"; };
		96A3C12729D446DF00ADBC65 /* GXChatTextProtocol.swift */ = {isa = PBXFileReference; fileEncoding = 4; lastKnownFileType = sourcecode.swift; path = GXChatTextProtocol.swift; sourceTree = "<group>"; };
		96A3C12A29D45CBF00ADBC65 /* GXMessagesBaseLayout.swift */ = {isa = PBXFileReference; lastKnownFileType = sourcecode.swift; path = GXMessagesBaseLayout.swift; sourceTree = "<group>"; };
		96A3C12C29D4609B00ADBC65 /* GXMessagesTextLayout.swift */ = {isa = PBXFileReference; lastKnownFileType = sourcecode.swift; path = GXMessagesTextLayout.swift; sourceTree = "<group>"; };
		96A3C12E29D4628A00ADBC65 /* GXMessagesAudioLayout.swift */ = {isa = PBXFileReference; lastKnownFileType = sourcecode.swift; path = GXMessagesAudioLayout.swift; sourceTree = "<group>"; };
		96A3C13029D46CC500ADBC65 /* GXMessagesPhotoLayout.swift */ = {isa = PBXFileReference; lastKnownFileType = sourcecode.swift; path = GXMessagesPhotoLayout.swift; sourceTree = "<group>"; };
		96A3C13229D46D3C00ADBC65 /* GXMessagesVideoLayout.swift */ = {isa = PBXFileReference; lastKnownFileType = sourcecode.swift; path = GXMessagesVideoLayout.swift; sourceTree = "<group>"; };
		96A3C13429D46D6D00ADBC65 /* GXMessagesLocationLayout.swift */ = {isa = PBXFileReference; lastKnownFileType = sourcecode.swift; path = GXMessagesLocationLayout.swift; sourceTree = "<group>"; };
		96A3C13629D46EC500ADBC65 /* GXMessagesCallLayout.swift */ = {isa = PBXFileReference; lastKnownFileType = sourcecode.swift; path = GXMessagesCallLayout.swift; sourceTree = "<group>"; };
		96B4FA6429BFA44400AA9384 /* TestXibView.xib */ = {isa = PBXFileReference; lastKnownFileType = file.xib; path = TestXibView.xib; sourceTree = "<group>"; };
		96D13EFC29BDA61A00BF4B80 /* GXMessagesSectionHeader.swift */ = {isa = PBXFileReference; lastKnownFileType = sourcecode.swift; path = GXMessagesSectionHeader.swift; sourceTree = "<group>"; };
		96D13EFE29BDA6F900BF4B80 /* GXMessagesSectionData.swift */ = {isa = PBXFileReference; lastKnownFileType = sourcecode.swift; path = GXMessagesSectionData.swift; sourceTree = "<group>"; };
		96D30A8D2956F4F000AFBB90 /* GXChatKitSample.app */ = {isa = PBXFileReference; explicitFileType = wrapper.application; includeInIndex = 0; path = GXChatKitSample.app; sourceTree = BUILT_PRODUCTS_DIR; };
		96D30A902956F4F000AFBB90 /* AppDelegate.swift */ = {isa = PBXFileReference; lastKnownFileType = sourcecode.swift; path = AppDelegate.swift; sourceTree = "<group>"; };
		96D30A922956F4F000AFBB90 /* SceneDelegate.swift */ = {isa = PBXFileReference; lastKnownFileType = sourcecode.swift; path = SceneDelegate.swift; sourceTree = "<group>"; };
		96D30A942956F4F000AFBB90 /* ViewController.swift */ = {isa = PBXFileReference; lastKnownFileType = sourcecode.swift; path = ViewController.swift; sourceTree = "<group>"; };
		96D30A972956F4F000AFBB90 /* Base */ = {isa = PBXFileReference; lastKnownFileType = file.storyboard; name = Base; path = Base.lproj/Main.storyboard; sourceTree = "<group>"; };
		96D30A992956F4F100AFBB90 /* Assets.xcassets */ = {isa = PBXFileReference; lastKnownFileType = folder.assetcatalog; path = Assets.xcassets; sourceTree = "<group>"; };
		96D30A9C2956F4F100AFBB90 /* Base */ = {isa = PBXFileReference; lastKnownFileType = file.storyboard; name = Base; path = Base.lproj/LaunchScreen.storyboard; sourceTree = "<group>"; };
		96D30A9E2956F4F100AFBB90 /* Info.plist */ = {isa = PBXFileReference; lastKnownFileType = text.plist.xml; path = Info.plist; sourceTree = "<group>"; };
		96D30AA32956F4F200AFBB90 /* GXChatKitSampleTests.xctest */ = {isa = PBXFileReference; explicitFileType = wrapper.cfbundle; includeInIndex = 0; path = GXChatKitSampleTests.xctest; sourceTree = BUILT_PRODUCTS_DIR; };
		96D30AA72956F4F200AFBB90 /* GXChatKitSampleTests.swift */ = {isa = PBXFileReference; lastKnownFileType = sourcecode.swift; path = GXChatKitSampleTests.swift; sourceTree = "<group>"; };
		96D30AAD2956F4F200AFBB90 /* GXChatKitSampleUITests.xctest */ = {isa = PBXFileReference; explicitFileType = wrapper.cfbundle; includeInIndex = 0; path = GXChatKitSampleUITests.xctest; sourceTree = BUILT_PRODUCTS_DIR; };
		96D30AB12956F4F200AFBB90 /* GXChatKitSampleUITests.swift */ = {isa = PBXFileReference; lastKnownFileType = sourcecode.swift; path = GXChatKitSampleUITests.swift; sourceTree = "<group>"; };
		96D30AB32956F4F200AFBB90 /* GXChatKitSampleUITestsLaunchTests.swift */ = {isa = PBXFileReference; lastKnownFileType = sourcecode.swift; path = GXChatKitSampleUITestsLaunchTests.swift; sourceTree = "<group>"; };
		96D30AD12956F5ED00AFBB90 /* GXChatUIKit.framework */ = {isa = PBXFileReference; explicitFileType = wrapper.framework; includeInIndex = 0; path = GXChatUIKit.framework; sourceTree = BUILT_PRODUCTS_DIR; };
		96D30ADA2956F5ED00AFBB90 /* GXChatUIKitTests.xctest */ = {isa = PBXFileReference; explicitFileType = wrapper.cfbundle; includeInIndex = 0; path = GXChatUIKitTests.xctest; sourceTree = BUILT_PRODUCTS_DIR; };
		96D30AE12956F5EE00AFBB90 /* GXChatUIKitTests.swift */ = {isa = PBXFileReference; lastKnownFileType = sourcecode.swift; path = GXChatUIKitTests.swift; sourceTree = "<group>"; };
		96D431E829CEF63700EE97A1 /* GXMessagesTextView.swift */ = {isa = PBXFileReference; lastKnownFileType = sourcecode.swift; path = GXMessagesTextView.swift; sourceTree = "<group>"; };
		96E5D43B29C571D9005AB5C9 /* voicexinwen.mp3 */ = {isa = PBXFileReference; lastKnownFileType = audio.mp3; path = voicexinwen.mp3; sourceTree = "<group>"; };
		96F92C8F29C41C70009E30F4 /* GXMessagesAudioContent.swift */ = {isa = PBXFileReference; lastKnownFileType = sourcecode.swift; path = GXMessagesAudioContent.swift; sourceTree = "<group>"; };
		96F92C9129C443D0009E30F4 /* GXMessagesAudioCell.swift */ = {isa = PBXFileReference; lastKnownFileType = sourcecode.swift; path = GXMessagesAudioCell.swift; sourceTree = "<group>"; };
		B9131207F5A8F7E5B5C652D9 /* Pods-GXChatKitSample.release.xcconfig */ = {isa = PBXFileReference; includeInIndex = 1; lastKnownFileType = text.xcconfig; name = "Pods-GXChatKitSample.release.xcconfig"; path = "Target Support Files/Pods-GXChatKitSample/Pods-GXChatKitSample.release.xcconfig"; sourceTree = "<group>"; };
		ED6FFD8355B3816675448810 /* Pods-GXChatKitSample.debug.xcconfig */ = {isa = PBXFileReference; includeInIndex = 1; lastKnownFileType = text.xcconfig; name = "Pods-GXChatKitSample.debug.xcconfig"; path = "Target Support Files/Pods-GXChatKitSample/Pods-GXChatKitSample.debug.xcconfig"; sourceTree = "<group>"; };
/* End PBXFileReference section */

/* Begin PBXFrameworksBuildPhase section */
		96D30A8A2956F4F000AFBB90 /* Frameworks */ = {
			isa = PBXFrameworksBuildPhase;
			buildActionMask = 2147483647;
			files = (
				96D30AE62956F5EE00AFBB90 /* GXChatUIKit.framework in Frameworks */,
				3F0C3FE9B864F211F30B6AC6 /* Pods_GXChatKitSample.framework in Frameworks */,
			);
			runOnlyForDeploymentPostprocessing = 0;
		};
		96D30AA02956F4F200AFBB90 /* Frameworks */ = {
			isa = PBXFrameworksBuildPhase;
			buildActionMask = 2147483647;
			files = (
			);
			runOnlyForDeploymentPostprocessing = 0;
		};
		96D30AAA2956F4F200AFBB90 /* Frameworks */ = {
			isa = PBXFrameworksBuildPhase;
			buildActionMask = 2147483647;
			files = (
			);
			runOnlyForDeploymentPostprocessing = 0;
		};
		96D30ACE2956F5ED00AFBB90 /* Frameworks */ = {
			isa = PBXFrameworksBuildPhase;
			buildActionMask = 2147483647;
			files = (
				9639158D2962796F002974F7 /* Pods_GXChatUIKit.framework in Frameworks */,
			);
			runOnlyForDeploymentPostprocessing = 0;
		};
		96D30AD72956F5ED00AFBB90 /* Frameworks */ = {
			isa = PBXFrameworksBuildPhase;
			buildActionMask = 2147483647;
			files = (
				96D30ADB2956F5ED00AFBB90 /* GXChatUIKit.framework in Frameworks */,
			);
			runOnlyForDeploymentPostprocessing = 0;
		};
/* End PBXFrameworksBuildPhase section */

/* Begin PBXGroup section */
		96198E5C29BAD7AC005C42A2 /* Define */ = {
			isa = PBXGroup;
			children = (
				96198E5D29BAD7AC005C42A2 /* GXDefine.swift */,
			);
			path = Define;
			sourceTree = "<group>";
		};
		9639158A2962785B002974F7 /* Categories */ = {
			isa = PBXGroup;
			children = (
				965FA5B7297055AC001D7633 /* UIImage+GXChat.swift */,
				9699576D29757CD1001DCC17 /* Bundle+GXChat.swift */,
				9699577729767567001DCC17 /* UIColor+GXChat.swift */,
			);
			path = Categories;
			sourceTree = "<group>";
		};
		9639158B2962785B002974F7 /* ToolBar */ = {
			isa = PBXGroup;
			children = (
			);
			path = ToolBar;
			sourceTree = "<group>";
		};
		96495C4229C1A0FE0055C19A /* Manager */ = {
			isa = PBXGroup;
			children = (
				96A3C11229D2C85E00ADBC65 /* GXChatChineseText.swift */,
				968B917229C941A100F6113B /* GXChatConfiguration.swift */,
				96A36A7829C2E10400BD4506 /* GXUtilManager.swift */,
				96495C4329C1A1170055C19A /* GXAudioManager.swift */,
			);
			path = Manager;
			sourceTree = "<group>";
		};
		965FA5AE296C3AA8001D7633 /* Resources */ = {
			isa = PBXGroup;
			children = (
				965FA5AF296C3AEC001D7633 /* GXChatUIKit.bundle */,
			);
			path = Resources;
			sourceTree = "<group>";
		};
		965FA5B12970431D001D7633 /* Factories */ = {
			isa = PBXGroup;
			children = (
				969957672975756A001DCC17 /* GXMessagesAvatarFactory.swift */,
				969957752975A9D6001DCC17 /* GXMessagesBubbleFactory.swift */,
			);
			path = Factories;
			sourceTree = "<group>";
		};
		965FA5B22970439B001D7633 /* Cells */ = {
			isa = PBXGroup;
			children = (
				96D13EFC29BDA61A00BF4B80 /* GXMessagesSectionHeader.swift */,
				965FA5B32970439B001D7633 /* GXMessagesBaseCell.swift */,
				965FA5B42970439B001D7633 /* GXMessagesTextCell.swift */,
				96F92C9129C443D0009E30F4 /* GXMessagesAudioCell.swift */,
				96198E5F29BD31C1005C42A2 /* GXMessagesMediaCell.swift */,
				9675963829D1C98800A4A11B /* GXMessagesLocationCell.swift */,
				96A3C11429D2CBDD00ADBC65 /* GXMessagesCallCell.swift */,
			);
			path = Cells;
			sourceTree = "<group>";
		};
		969957522973BB6C001DCC17 /* Models */ = {
			isa = PBXGroup;
			children = (
				9699576129750CFF001DCC17 /* GXMessagesTextContent.swift */,
				9699576329751AFC001DCC17 /* GXMessagesPhotoContent.swift */,
				9699576529752525001DCC17 /* GXMessagesVideoContent.swift */,
				96F92C8F29C41C70009E30F4 /* GXMessagesAudioContent.swift */,
				9675963629D194B100A4A11B /* GXMessagesLocationContent.swift */,
				96A3C10C29D2C46700ADBC65 /* GXMessagesCallContent.swift */,
				96A3C11629D43ECF00ADBC65 /* GXMessagesAtContent.swift */,
				9699575B2974075F001DCC17 /* GXMessagesAvatar.swift */,
				9699575D297407EF001DCC17 /* GXMessagesBubble.swift */,
				96D13EFE29BDA6F900BF4B80 /* GXMessagesSectionData.swift */,
				969957592973E698001DCC17 /* GXMessagesItemLayoutData.swift */,
			);
			path = Models;
			sourceTree = "<group>";
		};
		9699576F29757ED9001DCC17 /* ViewControllers */ = {
			isa = PBXGroup;
			children = (
				9699577129757F2D001DCC17 /* GXMessagesViewController.swift */,
			);
			path = ViewControllers;
			sourceTree = "<group>";
		};
		96A3C11829D4465800ADBC65 /* Protocol */ = {
			isa = PBXGroup;
			children = (
				96A3C12729D446DF00ADBC65 /* GXChatTextProtocol.swift */,
				96A3C12329D446D300ADBC65 /* GXMessagesContentProtocol.swift */,
				96A3C12429D446D300ADBC65 /* GXMessagesItemDataProtocol.swift */,
			);
			path = Protocol;
			sourceTree = "<group>";
		};
		96A3C12929D44BD200ADBC65 /* Layout */ = {
			isa = PBXGroup;
			children = (
				96A3C12A29D45CBF00ADBC65 /* GXMessagesBaseLayout.swift */,
				96A3C12C29D4609B00ADBC65 /* GXMessagesTextLayout.swift */,
				96A3C12E29D4628A00ADBC65 /* GXMessagesAudioLayout.swift */,
				96A3C13029D46CC500ADBC65 /* GXMessagesPhotoLayout.swift */,
				96A3C13229D46D3C00ADBC65 /* GXMessagesVideoLayout.swift */,
				96A3C13429D46D6D00ADBC65 /* GXMessagesLocationLayout.swift */,
				96A3C13629D46EC500ADBC65 /* GXMessagesCallLayout.swift */,
			);
			path = Layout;
			sourceTree = "<group>";
		};
		96D30A842956F4F000AFBB90 = {
			isa = PBXGroup;
			children = (
				96D30A8F2956F4F000AFBB90 /* GXChatKitSample */,
				96D30AA62956F4F200AFBB90 /* GXChatKitSampleTests */,
				96D30AB02956F4F200AFBB90 /* GXChatKitSampleUITests */,
				96D30AD22956F5ED00AFBB90 /* GXChatUIKit */,
				96D30AE02956F5EE00AFBB90 /* GXChatUIKitTests */,
				96D30A8E2956F4F000AFBB90 /* Products */,
				BD056F6E9D9E8EC329DB42AC /* Pods */,
				A75D028A4BDE053BE82C2036 /* Frameworks */,
			);
			sourceTree = "<group>";
		};
		96D30A8E2956F4F000AFBB90 /* Products */ = {
			isa = PBXGroup;
			children = (
				96D30A8D2956F4F000AFBB90 /* GXChatKitSample.app */,
				96D30AA32956F4F200AFBB90 /* GXChatKitSampleTests.xctest */,
				96D30AAD2956F4F200AFBB90 /* GXChatKitSampleUITests.xctest */,
				96D30AD12956F5ED00AFBB90 /* GXChatUIKit.framework */,
				96D30ADA2956F5ED00AFBB90 /* GXChatUIKitTests.xctest */,
			);
			name = Products;
			sourceTree = "<group>";
		};
		96D30A8F2956F4F000AFBB90 /* GXChatKitSample */ = {
			isa = PBXGroup;
			children = (
				96495C4929C1EE4F0055C19A /* redpacket_sound_open.wav */,
				96E5D43B29C571D9005AB5C9 /* voicexinwen.mp3 */,
				96495C4529C1E4F20055C19A /* voip_call_noice.wav */,
				969EB48C29C468A50005A5EE /* dudu_1.m4a */,
				96D30A902956F4F000AFBB90 /* AppDelegate.swift */,
				96D30A922956F4F000AFBB90 /* SceneDelegate.swift */,
				96D30A942956F4F000AFBB90 /* ViewController.swift */,
				96198E6129BD5781005C42A2 /* GXTestTextData.swift */,
				9623D81E29B983B300BE0BFB /* GXMessagesTestCell.swift */,
				96B4FA6429BFA44400AA9384 /* TestXibView.xib */,
				96D30A962956F4F000AFBB90 /* Main.storyboard */,
				96D30A992956F4F100AFBB90 /* Assets.xcassets */,
				96D30A9B2956F4F100AFBB90 /* LaunchScreen.storyboard */,
				96D30A9E2956F4F100AFBB90 /* Info.plist */,
			);
			path = GXChatKitSample;
			sourceTree = "<group>";
		};
		96D30AA62956F4F200AFBB90 /* GXChatKitSampleTests */ = {
			isa = PBXGroup;
			children = (
				96D30AA72956F4F200AFBB90 /* GXChatKitSampleTests.swift */,
			);
			path = GXChatKitSampleTests;
			sourceTree = "<group>";
		};
		96D30AB02956F4F200AFBB90 /* GXChatKitSampleUITests */ = {
			isa = PBXGroup;
			children = (
				96D30AB12956F4F200AFBB90 /* GXChatKitSampleUITests.swift */,
				96D30AB32956F4F200AFBB90 /* GXChatKitSampleUITestsLaunchTests.swift */,
			);
			path = GXChatKitSampleUITests;
			sourceTree = "<group>";
		};
		96D30AD22956F5ED00AFBB90 /* GXChatUIKit */ = {
			isa = PBXGroup;
			children = (
				965FA5AE296C3AA8001D7633 /* Resources */,
				96495C4229C1A0FE0055C19A /* Manager */,
				96198E5C29BAD7AC005C42A2 /* Define */,
				96A3C11829D4465800ADBC65 /* Protocol */,
				965FA5B12970431D001D7633 /* Factories */,
				96A3C12929D44BD200ADBC65 /* Layout */,
				969957522973BB6C001DCC17 /* Models */,
				965FA5B22970439B001D7633 /* Cells */,
				96D30AF12956FC1800AFBB90 /* BaseView */,
				9639158A2962785B002974F7 /* Categories */,
				9639158B2962785B002974F7 /* ToolBar */,
				9699576F29757ED9001DCC17 /* ViewControllers */,
				9699577029757EE8001DCC17 /* GXChatUIKit.h */,
				9699576B29757C39001DCC17 /* GXChatUIKit.docc */,
			);
			path = GXChatUIKit;
			sourceTree = "<group>";
		};
		96D30AE02956F5EE00AFBB90 /* GXChatUIKitTests */ = {
			isa = PBXGroup;
			children = (
				96D30AE12956F5EE00AFBB90 /* GXChatUIKitTests.swift */,
			);
			path = GXChatUIKitTests;
			sourceTree = "<group>";
		};
		96D30AF12956FC1800AFBB90 /* BaseView */ = {
			isa = PBXGroup;
			children = (
				9675963429D18D3400A4A11B /* GXMessagesRichText.swift */,
				96D431E829CEF63700EE97A1 /* GXMessagesTextView.swift */,
				96A36A7629C2BFF500BD4506 /* GXMessagesAudioTrackView.swift */,
			);
			path = BaseView;
			sourceTree = "<group>";
		};
		A75D028A4BDE053BE82C2036 /* Frameworks */ = {
			isa = PBXGroup;
			children = (
				0A8628E22BB9F4121D8D3B27 /* Pods_GXChatUIKit.framework */,
				7A270D126ED81AC0AD384808 /* Pods_GXChatKitSample.framework */,
				0A6D5F89763373089D9C1E97 /* Pods_GXMessagesTableView.framework */,
			);
			name = Frameworks;
			sourceTree = "<group>";
		};
		BD056F6E9D9E8EC329DB42AC /* Pods */ = {
			isa = PBXGroup;
			children = (
				6D1AEAD9A0A58EE23AE8E3E0 /* Pods-GXChatUIKit.debug.xcconfig */,
				62F2C3A8FB2787DE880BE76A /* Pods-GXChatUIKit.release.xcconfig */,
				ED6FFD8355B3816675448810 /* Pods-GXChatKitSample.debug.xcconfig */,
				B9131207F5A8F7E5B5C652D9 /* Pods-GXChatKitSample.release.xcconfig */,
				0C4DFB93AB4668590E470782 /* Pods-GXMessagesTableView.debug.xcconfig */,
				3FAEEC3E597AFF18CABE4A46 /* Pods-GXMessagesTableView.release.xcconfig */,
			);
			path = Pods;
			sourceTree = "<group>";
		};
/* End PBXGroup section */

/* Begin PBXHeadersBuildPhase section */
		96D30ACC2956F5ED00AFBB90 /* Headers */ = {
			isa = PBXHeadersBuildPhase;
			buildActionMask = 2147483647;
			files = (
			);
			runOnlyForDeploymentPostprocessing = 0;
		};
/* End PBXHeadersBuildPhase section */

/* Begin PBXNativeTarget section */
		96D30A8C2956F4F000AFBB90 /* GXChatKitSample */ = {
			isa = PBXNativeTarget;
			buildConfigurationList = 96D30AB72956F4F200AFBB90 /* Build configuration list for PBXNativeTarget "GXChatKitSample" */;
			buildPhases = (
				183E1CE8D365A3E65AD7488F /* [CP] Check Pods Manifest.lock */,
				96D30A892956F4F000AFBB90 /* Sources */,
				96D30A8A2956F4F000AFBB90 /* Frameworks */,
				96D30A8B2956F4F000AFBB90 /* Resources */,
				96D30AEB2956F5EE00AFBB90 /* Embed Frameworks */,
				96369031A167697B24086098 /* [CP] Embed Pods Frameworks */,
			);
			buildRules = (
			);
			dependencies = (
				96D30AE52956F5EE00AFBB90 /* PBXTargetDependency */,
			);
			name = GXChatKitSample;
			productName = GXChatKitSample;
			productReference = 96D30A8D2956F4F000AFBB90 /* GXChatKitSample.app */;
			productType = "com.apple.product-type.application";
		};
		96D30AA22956F4F200AFBB90 /* GXChatKitSampleTests */ = {
			isa = PBXNativeTarget;
			buildConfigurationList = 96D30ABA2956F4F200AFBB90 /* Build configuration list for PBXNativeTarget "GXChatKitSampleTests" */;
			buildPhases = (
				96D30A9F2956F4F200AFBB90 /* Sources */,
				96D30AA02956F4F200AFBB90 /* Frameworks */,
				96D30AA12956F4F200AFBB90 /* Resources */,
			);
			buildRules = (
			);
			dependencies = (
				96D30AA52956F4F200AFBB90 /* PBXTargetDependency */,
			);
			name = GXChatKitSampleTests;
			productName = GXChatKitSampleTests;
			productReference = 96D30AA32956F4F200AFBB90 /* GXChatKitSampleTests.xctest */;
			productType = "com.apple.product-type.bundle.unit-test";
		};
		96D30AAC2956F4F200AFBB90 /* GXChatKitSampleUITests */ = {
			isa = PBXNativeTarget;
			buildConfigurationList = 96D30ABD2956F4F200AFBB90 /* Build configuration list for PBXNativeTarget "GXChatKitSampleUITests" */;
			buildPhases = (
				96D30AA92956F4F200AFBB90 /* Sources */,
				96D30AAA2956F4F200AFBB90 /* Frameworks */,
				96D30AAB2956F4F200AFBB90 /* Resources */,
			);
			buildRules = (
			);
			dependencies = (
				96D30AAF2956F4F200AFBB90 /* PBXTargetDependency */,
			);
			name = GXChatKitSampleUITests;
			productName = GXChatKitSampleUITests;
			productReference = 96D30AAD2956F4F200AFBB90 /* GXChatKitSampleUITests.xctest */;
			productType = "com.apple.product-type.bundle.ui-testing";
		};
		96D30AD02956F5ED00AFBB90 /* GXChatUIKit */ = {
			isa = PBXNativeTarget;
			buildConfigurationList = 96D30AE82956F5EE00AFBB90 /* Build configuration list for PBXNativeTarget "GXChatUIKit" */;
			buildPhases = (
				5B6962795790C31A11D988D7 /* [CP] Check Pods Manifest.lock */,
				96D30ACC2956F5ED00AFBB90 /* Headers */,
				96D30ACD2956F5ED00AFBB90 /* Sources */,
				96D30ACE2956F5ED00AFBB90 /* Frameworks */,
				96D30ACF2956F5ED00AFBB90 /* Resources */,
			);
			buildRules = (
			);
			dependencies = (
			);
			name = GXChatUIKit;
			productName = GXChatUIKit;
			productReference = 96D30AD12956F5ED00AFBB90 /* GXChatUIKit.framework */;
			productType = "com.apple.product-type.framework";
		};
		96D30AD92956F5ED00AFBB90 /* GXChatUIKitTests */ = {
			isa = PBXNativeTarget;
			buildConfigurationList = 96D30AEC2956F5EE00AFBB90 /* Build configuration list for PBXNativeTarget "GXChatUIKitTests" */;
			buildPhases = (
				96D30AD62956F5ED00AFBB90 /* Sources */,
				96D30AD72956F5ED00AFBB90 /* Frameworks */,
				96D30AD82956F5ED00AFBB90 /* Resources */,
			);
			buildRules = (
			);
			dependencies = (
				96D30ADD2956F5ED00AFBB90 /* PBXTargetDependency */,
				96D30ADF2956F5EE00AFBB90 /* PBXTargetDependency */,
			);
			name = GXChatUIKitTests;
			productName = GXChatUIKitTests;
			productReference = 96D30ADA2956F5ED00AFBB90 /* GXChatUIKitTests.xctest */;
			productType = "com.apple.product-type.bundle.unit-test";
		};
/* End PBXNativeTarget section */

/* Begin PBXProject section */
		96D30A852956F4F000AFBB90 /* Project object */ = {
			isa = PBXProject;
			attributes = {
				BuildIndependentTargetsInParallel = 1;
				LastSwiftUpdateCheck = 1420;
				LastUpgradeCheck = 1420;
				TargetAttributes = {
					96D30A8C2956F4F000AFBB90 = {
						CreatedOnToolsVersion = 14.2;
					};
					96D30AA22956F4F200AFBB90 = {
						CreatedOnToolsVersion = 14.2;
						TestTargetID = 96D30A8C2956F4F000AFBB90;
					};
					96D30AAC2956F4F200AFBB90 = {
						CreatedOnToolsVersion = 14.2;
						TestTargetID = 96D30A8C2956F4F000AFBB90;
					};
					96D30AD02956F5ED00AFBB90 = {
						CreatedOnToolsVersion = 14.2;
						LastSwiftMigration = 1420;
					};
					96D30AD92956F5ED00AFBB90 = {
						CreatedOnToolsVersion = 14.2;
						TestTargetID = 96D30A8C2956F4F000AFBB90;
					};
				};
			};
			buildConfigurationList = 96D30A882956F4F000AFBB90 /* Build configuration list for PBXProject "GXChatKitSample" */;
			compatibilityVersion = "Xcode 14.0";
			developmentRegion = en;
			hasScannedForEncodings = 0;
			knownRegions = (
				en,
				Base,
			);
			mainGroup = 96D30A842956F4F000AFBB90;
			productRefGroup = 96D30A8E2956F4F000AFBB90 /* Products */;
			projectDirPath = "";
			projectRoot = "";
			targets = (
				96D30A8C2956F4F000AFBB90 /* GXChatKitSample */,
				96D30AA22956F4F200AFBB90 /* GXChatKitSampleTests */,
				96D30AAC2956F4F200AFBB90 /* GXChatKitSampleUITests */,
				96D30AD02956F5ED00AFBB90 /* GXChatUIKit */,
				96D30AD92956F5ED00AFBB90 /* GXChatUIKitTests */,
			);
		};
/* End PBXProject section */

/* Begin PBXResourcesBuildPhase section */
		96D30A8B2956F4F000AFBB90 /* Resources */ = {
			isa = PBXResourcesBuildPhase;
			buildActionMask = 2147483647;
			files = (
				96D30A9D2956F4F100AFBB90 /* LaunchScreen.storyboard in Resources */,
				96D30A9A2956F4F100AFBB90 /* Assets.xcassets in Resources */,
				96495C4629C1E4F20055C19A /* voip_call_noice.wav in Resources */,
				969EB48D29C468A50005A5EE /* dudu_1.m4a in Resources */,
				96E5D43C29C571D9005AB5C9 /* voicexinwen.mp3 in Resources */,
				96B4FA6529BFA44400AA9384 /* TestXibView.xib in Resources */,
				96D30A982956F4F000AFBB90 /* Main.storyboard in Resources */,
				96495C4A29C1EE4F0055C19A /* redpacket_sound_open.wav in Resources */,
			);
			runOnlyForDeploymentPostprocessing = 0;
		};
		96D30AA12956F4F200AFBB90 /* Resources */ = {
			isa = PBXResourcesBuildPhase;
			buildActionMask = 2147483647;
			files = (
			);
			runOnlyForDeploymentPostprocessing = 0;
		};
		96D30AAB2956F4F200AFBB90 /* Resources */ = {
			isa = PBXResourcesBuildPhase;
			buildActionMask = 2147483647;
			files = (
			);
			runOnlyForDeploymentPostprocessing = 0;
		};
		96D30ACF2956F5ED00AFBB90 /* Resources */ = {
			isa = PBXResourcesBuildPhase;
			buildActionMask = 2147483647;
			files = (
				965FA5B0296C3AEC001D7633 /* GXChatUIKit.bundle in Resources */,
			);
			runOnlyForDeploymentPostprocessing = 0;
		};
		96D30AD82956F5ED00AFBB90 /* Resources */ = {
			isa = PBXResourcesBuildPhase;
			buildActionMask = 2147483647;
			files = (
			);
			runOnlyForDeploymentPostprocessing = 0;
		};
/* End PBXResourcesBuildPhase section */

/* Begin PBXShellScriptBuildPhase section */
		183E1CE8D365A3E65AD7488F /* [CP] Check Pods Manifest.lock */ = {
			isa = PBXShellScriptBuildPhase;
			buildActionMask = 2147483647;
			files = (
			);
			inputFileListPaths = (
			);
			inputPaths = (
				"${PODS_PODFILE_DIR_PATH}/Podfile.lock",
				"${PODS_ROOT}/Manifest.lock",
			);
			name = "[CP] Check Pods Manifest.lock";
			outputFileListPaths = (
			);
			outputPaths = (
				"$(DERIVED_FILE_DIR)/Pods-GXChatKitSample-checkManifestLockResult.txt",
			);
			runOnlyForDeploymentPostprocessing = 0;
			shellPath = /bin/sh;
			shellScript = "diff \"${PODS_PODFILE_DIR_PATH}/Podfile.lock\" \"${PODS_ROOT}/Manifest.lock\" > /dev/null\nif [ $? != 0 ] ; then\n    # print error to STDERR\n    echo \"error: The sandbox is not in sync with the Podfile.lock. Run 'pod install' or update your CocoaPods installation.\" >&2\n    exit 1\nfi\n# This output is used by Xcode 'outputs' to avoid re-running this script phase.\necho \"SUCCESS\" > \"${SCRIPT_OUTPUT_FILE_0}\"\n";
			showEnvVarsInLog = 0;
		};
		5B6962795790C31A11D988D7 /* [CP] Check Pods Manifest.lock */ = {
			isa = PBXShellScriptBuildPhase;
			buildActionMask = 2147483647;
			files = (
			);
			inputFileListPaths = (
			);
			inputPaths = (
				"${PODS_PODFILE_DIR_PATH}/Podfile.lock",
				"${PODS_ROOT}/Manifest.lock",
			);
			name = "[CP] Check Pods Manifest.lock";
			outputFileListPaths = (
			);
			outputPaths = (
				"$(DERIVED_FILE_DIR)/Pods-GXChatUIKit-checkManifestLockResult.txt",
			);
			runOnlyForDeploymentPostprocessing = 0;
			shellPath = /bin/sh;
			shellScript = "diff \"${PODS_PODFILE_DIR_PATH}/Podfile.lock\" \"${PODS_ROOT}/Manifest.lock\" > /dev/null\nif [ $? != 0 ] ; then\n    # print error to STDERR\n    echo \"error: The sandbox is not in sync with the Podfile.lock. Run 'pod install' or update your CocoaPods installation.\" >&2\n    exit 1\nfi\n# This output is used by Xcode 'outputs' to avoid re-running this script phase.\necho \"SUCCESS\" > \"${SCRIPT_OUTPUT_FILE_0}\"\n";
			showEnvVarsInLog = 0;
		};
		96369031A167697B24086098 /* [CP] Embed Pods Frameworks */ = {
			isa = PBXShellScriptBuildPhase;
			buildActionMask = 2147483647;
			files = (
			);
			inputFileListPaths = (
				"${PODS_ROOT}/Target Support Files/Pods-GXChatKitSample/Pods-GXChatKitSample-frameworks-${CONFIGURATION}-input-files.xcfilelist",
			);
			name = "[CP] Embed Pods Frameworks";
			outputFileListPaths = (
				"${PODS_ROOT}/Target Support Files/Pods-GXChatKitSample/Pods-GXChatKitSample-frameworks-${CONFIGURATION}-output-files.xcfilelist",
			);
			runOnlyForDeploymentPostprocessing = 0;
			shellPath = /bin/sh;
			shellScript = "\"${PODS_ROOT}/Target Support Files/Pods-GXChatKitSample/Pods-GXChatKitSample-frameworks.sh\"\n";
			showEnvVarsInLog = 0;
		};
/* End PBXShellScriptBuildPhase section */

/* Begin PBXSourcesBuildPhase section */
		96D30A892956F4F000AFBB90 /* Sources */ = {
			isa = PBXSourcesBuildPhase;
			buildActionMask = 2147483647;
			files = (
				96198E6229BD5781005C42A2 /* GXTestTextData.swift in Sources */,
				96D30A952956F4F000AFBB90 /* ViewController.swift in Sources */,
				96D30A912956F4F000AFBB90 /* AppDelegate.swift in Sources */,
				9623D81F29B983B300BE0BFB /* GXMessagesTestCell.swift in Sources */,
				96D30A932956F4F000AFBB90 /* SceneDelegate.swift in Sources */,
			);
			runOnlyForDeploymentPostprocessing = 0;
		};
		96D30A9F2956F4F200AFBB90 /* Sources */ = {
			isa = PBXSourcesBuildPhase;
			buildActionMask = 2147483647;
			files = (
				96D30AA82956F4F200AFBB90 /* GXChatKitSampleTests.swift in Sources */,
			);
			runOnlyForDeploymentPostprocessing = 0;
		};
		96D30AA92956F4F200AFBB90 /* Sources */ = {
			isa = PBXSourcesBuildPhase;
			buildActionMask = 2147483647;
			files = (
				96D30AB42956F4F200AFBB90 /* GXChatKitSampleUITestsLaunchTests.swift in Sources */,
				96D30AB22956F4F200AFBB90 /* GXChatKitSampleUITests.swift in Sources */,
			);
			runOnlyForDeploymentPostprocessing = 0;
		};
		96D30ACD2956F5ED00AFBB90 /* Sources */ = {
			isa = PBXSourcesBuildPhase;
			buildActionMask = 2147483647;
			files = (
				96495C4429C1A1170055C19A /* GXAudioManager.swift in Sources */,
				96F92C9029C41C70009E30F4 /* GXMessagesAudioContent.swift in Sources */,
				9699575E297407EF001DCC17 /* GXMessagesBubble.swift in Sources */,
				9699576629752525001DCC17 /* GXMessagesVideoContent.swift in Sources */,
				96A3C10D29D2C46700ADBC65 /* GXMessagesCallContent.swift in Sources */,
				965FA5B8297055AC001D7633 /* UIImage+GXChat.swift in Sources */,
				969957762975A9D6001DCC17 /* GXMessagesBubbleFactory.swift in Sources */,
				96A3C13529D46D6D00ADBC65 /* GXMessagesLocationLayout.swift in Sources */,
				9675963529D18D3400A4A11B /* GXMessagesRichText.swift in Sources */,
				9699575C2974075F001DCC17 /* GXMessagesAvatar.swift in Sources */,
				9699577229757F2D001DCC17 /* GXMessagesViewController.swift in Sources */,
				96A3C13329D46D3C00ADBC65 /* GXMessagesVideoLayout.swift in Sources */,
				9675963929D1C98800A4A11B /* GXMessagesLocationCell.swift in Sources */,
				96A3C11329D2C85E00ADBC65 /* GXChatChineseText.swift in Sources */,
				969957682975756A001DCC17 /* GXMessagesAvatarFactory.swift in Sources */,
				96D13EFF29BDA6F900BF4B80 /* GXMessagesSectionData.swift in Sources */,
				9699575A2973E698001DCC17 /* GXMessagesItemLayoutData.swift in Sources */,
				9699576429751AFC001DCC17 /* GXMessagesPhotoContent.swift in Sources */,
				9699577829767567001DCC17 /* UIColor+GXChat.swift in Sources */,
				96D13EFD29BDA61A00BF4B80 /* GXMessagesSectionHeader.swift in Sources */,
				968B917329C941A100F6113B /* GXChatConfiguration.swift in Sources */,
				96A3C11729D43ECF00ADBC65 /* GXMessagesAtContent.swift in Sources */,
				96A3C11529D2CBDD00ADBC65 /* GXMessagesCallCell.swift in Sources */,
				96A3C13729D46EC500ADBC65 /* GXMessagesCallLayout.swift in Sources */,
				96A3C12F29D4628A00ADBC65 /* GXMessagesAudioLayout.swift in Sources */,
				96A3C12D29D4609B00ADBC65 /* GXMessagesTextLayout.swift in Sources */,
				96198E6029BD31C1005C42A2 /* GXMessagesMediaCell.swift in Sources */,
				9699576E29757CD1001DCC17 /* Bundle+GXChat.swift in Sources */,
				965FA5B62970439B001D7633 /* GXMessagesTextCell.swift in Sources */,
				96A3C12829D446DF00ADBC65 /* GXChatTextProtocol.swift in Sources */,
				96A36A7729C2BFF500BD4506 /* GXMessagesAudioTrackView.swift in Sources */,
				965FA5B52970439B001D7633 /* GXMessagesBaseCell.swift in Sources */,
				96A3C12629D446D300ADBC65 /* GXMessagesItemDataProtocol.swift in Sources */,
				9699576C29757C39001DCC17 /* GXChatUIKit.docc in Sources */,
				9675963729D194B100A4A11B /* GXMessagesLocationContent.swift in Sources */,
				96198E5E29BAD7AC005C42A2 /* GXDefine.swift in Sources */,
				9699576229750CFF001DCC17 /* GXMessagesTextContent.swift in Sources */,
				96D431E929CEF63700EE97A1 /* GXMessagesTextView.swift in Sources */,
				96A3C12529D446D300ADBC65 /* GXMessagesContentProtocol.swift in Sources */,
				96A36A7929C2E10400BD4506 /* GXUtilManager.swift in Sources */,
				96A3C13129D46CC500ADBC65 /* GXMessagesPhotoLayout.swift in Sources */,
				96F92C9229C443D0009E30F4 /* GXMessagesAudioCell.swift in Sources */,
				96A3C12B29D45CBF00ADBC65 /* GXMessagesBaseLayout.swift in Sources */,
			);
			runOnlyForDeploymentPostprocessing = 0;
		};
		96D30AD62956F5ED00AFBB90 /* Sources */ = {
			isa = PBXSourcesBuildPhase;
			buildActionMask = 2147483647;
			files = (
				96D30AE22956F5EE00AFBB90 /* GXChatUIKitTests.swift in Sources */,
			);
			runOnlyForDeploymentPostprocessing = 0;
		};
/* End PBXSourcesBuildPhase section */

/* Begin PBXTargetDependency section */
		96D30AA52956F4F200AFBB90 /* PBXTargetDependency */ = {
			isa = PBXTargetDependency;
			target = 96D30A8C2956F4F000AFBB90 /* GXChatKitSample */;
			targetProxy = 96D30AA42956F4F200AFBB90 /* PBXContainerItemProxy */;
		};
		96D30AAF2956F4F200AFBB90 /* PBXTargetDependency */ = {
			isa = PBXTargetDependency;
			target = 96D30A8C2956F4F000AFBB90 /* GXChatKitSample */;
			targetProxy = 96D30AAE2956F4F200AFBB90 /* PBXContainerItemProxy */;
		};
		96D30ADD2956F5ED00AFBB90 /* PBXTargetDependency */ = {
			isa = PBXTargetDependency;
			target = 96D30AD02956F5ED00AFBB90 /* GXChatUIKit */;
			targetProxy = 96D30ADC2956F5ED00AFBB90 /* PBXContainerItemProxy */;
		};
		96D30ADF2956F5EE00AFBB90 /* PBXTargetDependency */ = {
			isa = PBXTargetDependency;
			target = 96D30A8C2956F4F000AFBB90 /* GXChatKitSample */;
			targetProxy = 96D30ADE2956F5EE00AFBB90 /* PBXContainerItemProxy */;
		};
		96D30AE52956F5EE00AFBB90 /* PBXTargetDependency */ = {
			isa = PBXTargetDependency;
			target = 96D30AD02956F5ED00AFBB90 /* GXChatUIKit */;
			targetProxy = 96D30AE42956F5EE00AFBB90 /* PBXContainerItemProxy */;
		};
/* End PBXTargetDependency section */

/* Begin PBXVariantGroup section */
		96D30A962956F4F000AFBB90 /* Main.storyboard */ = {
			isa = PBXVariantGroup;
			children = (
				96D30A972956F4F000AFBB90 /* Base */,
			);
			name = Main.storyboard;
			sourceTree = "<group>";
		};
		96D30A9B2956F4F100AFBB90 /* LaunchScreen.storyboard */ = {
			isa = PBXVariantGroup;
			children = (
				96D30A9C2956F4F100AFBB90 /* Base */,
			);
			name = LaunchScreen.storyboard;
			sourceTree = "<group>";
		};
/* End PBXVariantGroup section */

/* Begin XCBuildConfiguration section */
		96D30AB52956F4F200AFBB90 /* Debug */ = {
			isa = XCBuildConfiguration;
			buildSettings = {
				ALWAYS_SEARCH_USER_PATHS = NO;
				CLANG_ANALYZER_NONNULL = YES;
				CLANG_ANALYZER_NUMBER_OBJECT_CONVERSION = YES_AGGRESSIVE;
				CLANG_CXX_LANGUAGE_STANDARD = "gnu++20";
				CLANG_ENABLE_MODULES = YES;
				CLANG_ENABLE_OBJC_ARC = YES;
				CLANG_ENABLE_OBJC_WEAK = YES;
				CLANG_WARN_BLOCK_CAPTURE_AUTORELEASING = YES;
				CLANG_WARN_BOOL_CONVERSION = YES;
				CLANG_WARN_COMMA = YES;
				CLANG_WARN_CONSTANT_CONVERSION = YES;
				CLANG_WARN_DEPRECATED_OBJC_IMPLEMENTATIONS = YES;
				CLANG_WARN_DIRECT_OBJC_ISA_USAGE = YES_ERROR;
				CLANG_WARN_DOCUMENTATION_COMMENTS = YES;
				CLANG_WARN_EMPTY_BODY = YES;
				CLANG_WARN_ENUM_CONVERSION = YES;
				CLANG_WARN_INFINITE_RECURSION = YES;
				CLANG_WARN_INT_CONVERSION = YES;
				CLANG_WARN_NON_LITERAL_NULL_CONVERSION = YES;
				CLANG_WARN_OBJC_IMPLICIT_RETAIN_SELF = YES;
				CLANG_WARN_OBJC_LITERAL_CONVERSION = YES;
				CLANG_WARN_OBJC_ROOT_CLASS = YES_ERROR;
				CLANG_WARN_QUOTED_INCLUDE_IN_FRAMEWORK_HEADER = YES;
				CLANG_WARN_RANGE_LOOP_ANALYSIS = YES;
				CLANG_WARN_STRICT_PROTOTYPES = YES;
				CLANG_WARN_SUSPICIOUS_MOVE = YES;
				CLANG_WARN_UNGUARDED_AVAILABILITY = YES_AGGRESSIVE;
				CLANG_WARN_UNREACHABLE_CODE = YES;
				CLANG_WARN__DUPLICATE_METHOD_MATCH = YES;
				COPY_PHASE_STRIP = NO;
				DEBUG_INFORMATION_FORMAT = dwarf;
				ENABLE_STRICT_OBJC_MSGSEND = YES;
				ENABLE_TESTABILITY = YES;
				GCC_C_LANGUAGE_STANDARD = gnu11;
				GCC_DYNAMIC_NO_PIC = NO;
				GCC_NO_COMMON_BLOCKS = YES;
				GCC_OPTIMIZATION_LEVEL = 0;
				GCC_PREPROCESSOR_DEFINITIONS = (
					"DEBUG=1",
					"$(inherited)",
				);
				GCC_WARN_64_TO_32_BIT_CONVERSION = YES;
				GCC_WARN_ABOUT_RETURN_TYPE = YES_ERROR;
				GCC_WARN_UNDECLARED_SELECTOR = YES;
				GCC_WARN_UNINITIALIZED_AUTOS = YES_AGGRESSIVE;
				GCC_WARN_UNUSED_FUNCTION = YES;
				GCC_WARN_UNUSED_VARIABLE = YES;
				IPHONEOS_DEPLOYMENT_TARGET = 16.2;
				MTL_ENABLE_DEBUG_INFO = INCLUDE_SOURCE;
				MTL_FAST_MATH = YES;
				ONLY_ACTIVE_ARCH = YES;
				SDKROOT = iphoneos;
				SWIFT_ACTIVE_COMPILATION_CONDITIONS = DEBUG;
				SWIFT_OPTIMIZATION_LEVEL = "-Onone";
			};
			name = Debug;
		};
		96D30AB62956F4F200AFBB90 /* Release */ = {
			isa = XCBuildConfiguration;
			buildSettings = {
				ALWAYS_SEARCH_USER_PATHS = NO;
				CLANG_ANALYZER_NONNULL = YES;
				CLANG_ANALYZER_NUMBER_OBJECT_CONVERSION = YES_AGGRESSIVE;
				CLANG_CXX_LANGUAGE_STANDARD = "gnu++20";
				CLANG_ENABLE_MODULES = YES;
				CLANG_ENABLE_OBJC_ARC = YES;
				CLANG_ENABLE_OBJC_WEAK = YES;
				CLANG_WARN_BLOCK_CAPTURE_AUTORELEASING = YES;
				CLANG_WARN_BOOL_CONVERSION = YES;
				CLANG_WARN_COMMA = YES;
				CLANG_WARN_CONSTANT_CONVERSION = YES;
				CLANG_WARN_DEPRECATED_OBJC_IMPLEMENTATIONS = YES;
				CLANG_WARN_DIRECT_OBJC_ISA_USAGE = YES_ERROR;
				CLANG_WARN_DOCUMENTATION_COMMENTS = YES;
				CLANG_WARN_EMPTY_BODY = YES;
				CLANG_WARN_ENUM_CONVERSION = YES;
				CLANG_WARN_INFINITE_RECURSION = YES;
				CLANG_WARN_INT_CONVERSION = YES;
				CLANG_WARN_NON_LITERAL_NULL_CONVERSION = YES;
				CLANG_WARN_OBJC_IMPLICIT_RETAIN_SELF = YES;
				CLANG_WARN_OBJC_LITERAL_CONVERSION = YES;
				CLANG_WARN_OBJC_ROOT_CLASS = YES_ERROR;
				CLANG_WARN_QUOTED_INCLUDE_IN_FRAMEWORK_HEADER = YES;
				CLANG_WARN_RANGE_LOOP_ANALYSIS = YES;
				CLANG_WARN_STRICT_PROTOTYPES = YES;
				CLANG_WARN_SUSPICIOUS_MOVE = YES;
				CLANG_WARN_UNGUARDED_AVAILABILITY = YES_AGGRESSIVE;
				CLANG_WARN_UNREACHABLE_CODE = YES;
				CLANG_WARN__DUPLICATE_METHOD_MATCH = YES;
				COPY_PHASE_STRIP = NO;
				DEBUG_INFORMATION_FORMAT = "dwarf-with-dsym";
				ENABLE_NS_ASSERTIONS = NO;
				ENABLE_STRICT_OBJC_MSGSEND = YES;
				GCC_C_LANGUAGE_STANDARD = gnu11;
				GCC_NO_COMMON_BLOCKS = YES;
				GCC_WARN_64_TO_32_BIT_CONVERSION = YES;
				GCC_WARN_ABOUT_RETURN_TYPE = YES_ERROR;
				GCC_WARN_UNDECLARED_SELECTOR = YES;
				GCC_WARN_UNINITIALIZED_AUTOS = YES_AGGRESSIVE;
				GCC_WARN_UNUSED_FUNCTION = YES;
				GCC_WARN_UNUSED_VARIABLE = YES;
				IPHONEOS_DEPLOYMENT_TARGET = 16.2;
				MTL_ENABLE_DEBUG_INFO = NO;
				MTL_FAST_MATH = YES;
				SDKROOT = iphoneos;
				SWIFT_COMPILATION_MODE = wholemodule;
				SWIFT_OPTIMIZATION_LEVEL = "-O";
				VALIDATE_PRODUCT = YES;
			};
			name = Release;
		};
		96D30AB82956F4F200AFBB90 /* Debug */ = {
			isa = XCBuildConfiguration;
			baseConfigurationReference = ED6FFD8355B3816675448810 /* Pods-GXChatKitSample.debug.xcconfig */;
			buildSettings = {
				ALWAYS_EMBED_SWIFT_STANDARD_LIBRARIES = YES;
				ASSETCATALOG_COMPILER_APPICON_NAME = AppIcon;
				ASSETCATALOG_COMPILER_GLOBAL_ACCENT_COLOR_NAME = AccentColor;
				CODE_SIGN_STYLE = Automatic;
				CURRENT_PROJECT_VERSION = 1;
				DEVELOPMENT_TEAM = G8M2K7562P;
				GENERATE_INFOPLIST_FILE = YES;
				INFOPLIST_FILE = GXChatKitSample/Info.plist;
				INFOPLIST_KEY_UIApplicationSupportsIndirectInputEvents = YES;
				INFOPLIST_KEY_UILaunchStoryboardName = LaunchScreen;
				INFOPLIST_KEY_UIMainStoryboardFile = Main;
				INFOPLIST_KEY_UISupportedInterfaceOrientations_iPad = "UIInterfaceOrientationPortrait UIInterfaceOrientationPortraitUpsideDown UIInterfaceOrientationLandscapeLeft UIInterfaceOrientationLandscapeRight";
				INFOPLIST_KEY_UISupportedInterfaceOrientations_iPhone = "UIInterfaceOrientationPortrait UIInterfaceOrientationLandscapeLeft UIInterfaceOrientationLandscapeRight";
				IPHONEOS_DEPLOYMENT_TARGET = 13.1;
				LD_RUNPATH_SEARCH_PATHS = (
					"$(inherited)",
					"@executable_path/Frameworks",
				);
				MARKETING_VERSION = 1.0;
				PRODUCT_BUNDLE_IDENTIFIER = com.gin.GXChatKitSample;
				PRODUCT_NAME = "$(TARGET_NAME)";
				SWIFT_EMIT_LOC_STRINGS = YES;
				SWIFT_VERSION = 5.0;
				TARGETED_DEVICE_FAMILY = "1,2";
			};
			name = Debug;
		};
		96D30AB92956F4F200AFBB90 /* Release */ = {
			isa = XCBuildConfiguration;
			baseConfigurationReference = B9131207F5A8F7E5B5C652D9 /* Pods-GXChatKitSample.release.xcconfig */;
			buildSettings = {
				ALWAYS_EMBED_SWIFT_STANDARD_LIBRARIES = YES;
				ASSETCATALOG_COMPILER_APPICON_NAME = AppIcon;
				ASSETCATALOG_COMPILER_GLOBAL_ACCENT_COLOR_NAME = AccentColor;
				CODE_SIGN_STYLE = Automatic;
				CURRENT_PROJECT_VERSION = 1;
				DEVELOPMENT_TEAM = G8M2K7562P;
				GENERATE_INFOPLIST_FILE = YES;
				INFOPLIST_FILE = GXChatKitSample/Info.plist;
				INFOPLIST_KEY_UIApplicationSupportsIndirectInputEvents = YES;
				INFOPLIST_KEY_UILaunchStoryboardName = LaunchScreen;
				INFOPLIST_KEY_UIMainStoryboardFile = Main;
				INFOPLIST_KEY_UISupportedInterfaceOrientations_iPad = "UIInterfaceOrientationPortrait UIInterfaceOrientationPortraitUpsideDown UIInterfaceOrientationLandscapeLeft UIInterfaceOrientationLandscapeRight";
				INFOPLIST_KEY_UISupportedInterfaceOrientations_iPhone = "UIInterfaceOrientationPortrait UIInterfaceOrientationLandscapeLeft UIInterfaceOrientationLandscapeRight";
				IPHONEOS_DEPLOYMENT_TARGET = 13.1;
				LD_RUNPATH_SEARCH_PATHS = (
					"$(inherited)",
					"@executable_path/Frameworks",
				);
				MARKETING_VERSION = 1.0;
				PRODUCT_BUNDLE_IDENTIFIER = com.gin.GXChatKitSample;
				PRODUCT_NAME = "$(TARGET_NAME)";
				SWIFT_EMIT_LOC_STRINGS = YES;
				SWIFT_VERSION = 5.0;
				TARGETED_DEVICE_FAMILY = "1,2";
			};
			name = Release;
		};
		96D30ABB2956F4F200AFBB90 /* Debug */ = {
			isa = XCBuildConfiguration;
			buildSettings = {
				ALWAYS_EMBED_SWIFT_STANDARD_LIBRARIES = YES;
				BUNDLE_LOADER = "$(TEST_HOST)";
				CODE_SIGN_STYLE = Automatic;
				CURRENT_PROJECT_VERSION = 1;
				DEVELOPMENT_TEAM = G8M2K7562P;
				GENERATE_INFOPLIST_FILE = YES;
				IPHONEOS_DEPLOYMENT_TARGET = 16.2;
				MARKETING_VERSION = 1.0;
				PRODUCT_BUNDLE_IDENTIFIER = com.gin.GXChatKitSampleTests;
				PRODUCT_NAME = "$(TARGET_NAME)";
				SWIFT_EMIT_LOC_STRINGS = NO;
				SWIFT_VERSION = 5.0;
				TARGETED_DEVICE_FAMILY = "1,2";
				TEST_HOST = "$(BUILT_PRODUCTS_DIR)/GXChatKitSample.app/$(BUNDLE_EXECUTABLE_FOLDER_PATH)/GXChatKitSample";
			};
			name = Debug;
		};
		96D30ABC2956F4F200AFBB90 /* Release */ = {
			isa = XCBuildConfiguration;
			buildSettings = {
				ALWAYS_EMBED_SWIFT_STANDARD_LIBRARIES = YES;
				BUNDLE_LOADER = "$(TEST_HOST)";
				CODE_SIGN_STYLE = Automatic;
				CURRENT_PROJECT_VERSION = 1;
				DEVELOPMENT_TEAM = G8M2K7562P;
				GENERATE_INFOPLIST_FILE = YES;
				IPHONEOS_DEPLOYMENT_TARGET = 16.2;
				MARKETING_VERSION = 1.0;
				PRODUCT_BUNDLE_IDENTIFIER = com.gin.GXChatKitSampleTests;
				PRODUCT_NAME = "$(TARGET_NAME)";
				SWIFT_EMIT_LOC_STRINGS = NO;
				SWIFT_VERSION = 5.0;
				TARGETED_DEVICE_FAMILY = "1,2";
				TEST_HOST = "$(BUILT_PRODUCTS_DIR)/GXChatKitSample.app/$(BUNDLE_EXECUTABLE_FOLDER_PATH)/GXChatKitSample";
			};
			name = Release;
		};
		96D30ABE2956F4F200AFBB90 /* Debug */ = {
			isa = XCBuildConfiguration;
			buildSettings = {
				ALWAYS_EMBED_SWIFT_STANDARD_LIBRARIES = YES;
				CODE_SIGN_STYLE = Automatic;
				CURRENT_PROJECT_VERSION = 1;
				DEVELOPMENT_TEAM = G8M2K7562P;
				GENERATE_INFOPLIST_FILE = YES;
				MARKETING_VERSION = 1.0;
				PRODUCT_BUNDLE_IDENTIFIER = com.gin.GXChatKitSampleUITests;
				PRODUCT_NAME = "$(TARGET_NAME)";
				SWIFT_EMIT_LOC_STRINGS = NO;
				SWIFT_VERSION = 5.0;
				TARGETED_DEVICE_FAMILY = "1,2";
				TEST_TARGET_NAME = GXChatKitSample;
			};
			name = Debug;
		};
		96D30ABF2956F4F200AFBB90 /* Release */ = {
			isa = XCBuildConfiguration;
			buildSettings = {
				ALWAYS_EMBED_SWIFT_STANDARD_LIBRARIES = YES;
				CODE_SIGN_STYLE = Automatic;
				CURRENT_PROJECT_VERSION = 1;
				DEVELOPMENT_TEAM = G8M2K7562P;
				GENERATE_INFOPLIST_FILE = YES;
				MARKETING_VERSION = 1.0;
				PRODUCT_BUNDLE_IDENTIFIER = com.gin.GXChatKitSampleUITests;
				PRODUCT_NAME = "$(TARGET_NAME)";
				SWIFT_EMIT_LOC_STRINGS = NO;
				SWIFT_VERSION = 5.0;
				TARGETED_DEVICE_FAMILY = "1,2";
				TEST_TARGET_NAME = GXChatKitSample;
			};
			name = Release;
		};
		96D30AE92956F5EE00AFBB90 /* Debug */ = {
			isa = XCBuildConfiguration;
			baseConfigurationReference = 6D1AEAD9A0A58EE23AE8E3E0 /* Pods-GXChatUIKit.debug.xcconfig */;
			buildSettings = {
				CLANG_ENABLE_MODULES = YES;
				CODE_SIGN_STYLE = Automatic;
				CURRENT_PROJECT_VERSION = 1;
				DEFINES_MODULE = YES;
				DEVELOPMENT_TEAM = G8M2K7562P;
				DYLIB_COMPATIBILITY_VERSION = 1;
				DYLIB_CURRENT_VERSION = 1;
				DYLIB_INSTALL_NAME_BASE = "@rpath";
				GENERATE_INFOPLIST_FILE = YES;
				INFOPLIST_KEY_NSHumanReadableCopyright = "";
				INSTALL_PATH = "$(LOCAL_LIBRARY_DIR)/Frameworks";
				IPHONEOS_DEPLOYMENT_TARGET = 13.0;
				LD_RUNPATH_SEARCH_PATHS = (
					"$(inherited)",
					"@executable_path/Frameworks",
					"@loader_path/Frameworks",
				);
				MACH_O_TYPE = mh_dylib;
				MARKETING_VERSION = 1.0;
				PRODUCT_BUNDLE_IDENTIFIER = com.gin.GXChatUIKit;
				PRODUCT_NAME = "$(TARGET_NAME:c99extidentifier)";
				SKIP_INSTALL = YES;
				SWIFT_EMIT_LOC_STRINGS = YES;
				SWIFT_OPTIMIZATION_LEVEL = "-Onone";
				SWIFT_VERSION = 5.0;
				TARGETED_DEVICE_FAMILY = "1,2";
				VERSIONING_SYSTEM = "apple-generic";
				VERSION_INFO_PREFIX = "";
			};
			name = Debug;
		};
		96D30AEA2956F5EE00AFBB90 /* Release */ = {
			isa = XCBuildConfiguration;
			baseConfigurationReference = 62F2C3A8FB2787DE880BE76A /* Pods-GXChatUIKit.release.xcconfig */;
			buildSettings = {
				CLANG_ENABLE_MODULES = YES;
				CODE_SIGN_STYLE = Automatic;
				CURRENT_PROJECT_VERSION = 1;
				DEFINES_MODULE = YES;
				DEVELOPMENT_TEAM = G8M2K7562P;
				DYLIB_COMPATIBILITY_VERSION = 1;
				DYLIB_CURRENT_VERSION = 1;
				DYLIB_INSTALL_NAME_BASE = "@rpath";
				GENERATE_INFOPLIST_FILE = YES;
				INFOPLIST_KEY_NSHumanReadableCopyright = "";
				INSTALL_PATH = "$(LOCAL_LIBRARY_DIR)/Frameworks";
				IPHONEOS_DEPLOYMENT_TARGET = 13.0;
				LD_RUNPATH_SEARCH_PATHS = (
					"$(inherited)",
					"@executable_path/Frameworks",
					"@loader_path/Frameworks",
				);
				MACH_O_TYPE = mh_dylib;
				MARKETING_VERSION = 1.0;
				PRODUCT_BUNDLE_IDENTIFIER = com.gin.GXChatUIKit;
				PRODUCT_NAME = "$(TARGET_NAME:c99extidentifier)";
				SKIP_INSTALL = YES;
				SWIFT_EMIT_LOC_STRINGS = YES;
				SWIFT_VERSION = 5.0;
				TARGETED_DEVICE_FAMILY = "1,2";
				VERSIONING_SYSTEM = "apple-generic";
				VERSION_INFO_PREFIX = "";
			};
			name = Release;
		};
		96D30AED2956F5EE00AFBB90 /* Debug */ = {
			isa = XCBuildConfiguration;
			buildSettings = {
				ALWAYS_EMBED_SWIFT_STANDARD_LIBRARIES = YES;
				CODE_SIGN_STYLE = Automatic;
				CURRENT_PROJECT_VERSION = 1;
				DEVELOPMENT_TEAM = G8M2K7562P;
				GENERATE_INFOPLIST_FILE = YES;
				MARKETING_VERSION = 1.0;
				PRODUCT_BUNDLE_IDENTIFIER = com.gin.GXChatUIKitTests;
				PRODUCT_NAME = "$(TARGET_NAME)";
				SWIFT_EMIT_LOC_STRINGS = NO;
				SWIFT_VERSION = 5.0;
				TARGETED_DEVICE_FAMILY = "1,2";
				TEST_HOST = "$(BUILT_PRODUCTS_DIR)/GXChatKitSample.app/$(BUNDLE_EXECUTABLE_FOLDER_PATH)/GXChatKitSample";
			};
			name = Debug;
		};
		96D30AEE2956F5EE00AFBB90 /* Release */ = {
			isa = XCBuildConfiguration;
			buildSettings = {
				ALWAYS_EMBED_SWIFT_STANDARD_LIBRARIES = YES;
				CODE_SIGN_STYLE = Automatic;
				CURRENT_PROJECT_VERSION = 1;
				DEVELOPMENT_TEAM = G8M2K7562P;
				GENERATE_INFOPLIST_FILE = YES;
				MARKETING_VERSION = 1.0;
				PRODUCT_BUNDLE_IDENTIFIER = com.gin.GXChatUIKitTests;
				PRODUCT_NAME = "$(TARGET_NAME)";
				SWIFT_EMIT_LOC_STRINGS = NO;
				SWIFT_VERSION = 5.0;
				TARGETED_DEVICE_FAMILY = "1,2";
				TEST_HOST = "$(BUILT_PRODUCTS_DIR)/GXChatKitSample.app/$(BUNDLE_EXECUTABLE_FOLDER_PATH)/GXChatKitSample";
			};
			name = Release;
		};
/* End XCBuildConfiguration section */

/* Begin XCConfigurationList section */
		96D30A882956F4F000AFBB90 /* Build configuration list for PBXProject "GXChatKitSample" */ = {
			isa = XCConfigurationList;
			buildConfigurations = (
				96D30AB52956F4F200AFBB90 /* Debug */,
				96D30AB62956F4F200AFBB90 /* Release */,
			);
			defaultConfigurationIsVisible = 0;
			defaultConfigurationName = Release;
		};
		96D30AB72956F4F200AFBB90 /* Build configuration list for PBXNativeTarget "GXChatKitSample" */ = {
			isa = XCConfigurationList;
			buildConfigurations = (
				96D30AB82956F4F200AFBB90 /* Debug */,
				96D30AB92956F4F200AFBB90 /* Release */,
			);
			defaultConfigurationIsVisible = 0;
			defaultConfigurationName = Release;
		};
		96D30ABA2956F4F200AFBB90 /* Build configuration list for PBXNativeTarget "GXChatKitSampleTests" */ = {
			isa = XCConfigurationList;
			buildConfigurations = (
				96D30ABB2956F4F200AFBB90 /* Debug */,
				96D30ABC2956F4F200AFBB90 /* Release */,
			);
			defaultConfigurationIsVisible = 0;
			defaultConfigurationName = Release;
		};
		96D30ABD2956F4F200AFBB90 /* Build configuration list for PBXNativeTarget "GXChatKitSampleUITests" */ = {
			isa = XCConfigurationList;
			buildConfigurations = (
				96D30ABE2956F4F200AFBB90 /* Debug */,
				96D30ABF2956F4F200AFBB90 /* Release */,
			);
			defaultConfigurationIsVisible = 0;
			defaultConfigurationName = Release;
		};
		96D30AE82956F5EE00AFBB90 /* Build configuration list for PBXNativeTarget "GXChatUIKit" */ = {
			isa = XCConfigurationList;
			buildConfigurations = (
				96D30AE92956F5EE00AFBB90 /* Debug */,
				96D30AEA2956F5EE00AFBB90 /* Release */,
			);
			defaultConfigurationIsVisible = 0;
			defaultConfigurationName = Release;
		};
		96D30AEC2956F5EE00AFBB90 /* Build configuration list for PBXNativeTarget "GXChatUIKitTests" */ = {
			isa = XCConfigurationList;
			buildConfigurations = (
				96D30AED2956F5EE00AFBB90 /* Debug */,
				96D30AEE2956F5EE00AFBB90 /* Release */,
			);
			defaultConfigurationIsVisible = 0;
			defaultConfigurationName = Release;
		};
/* End XCConfigurationList section */
	};
	rootObject = 96D30A852956F4F000AFBB90 /* Project object */;
}
