PODS:
  - GXCategories (1.0.5)
  - GXRefresh (1.1.1)
  - Reusable (4.1.2):
    - Reusable/Storyboard (= 4.1.2)
    - Reusable/View (= 4.1.2)
  - Reusable/Storyboard (4.1.2)
  - Reusable/View (4.1.2)

DEPENDENCIES:
  - GXCategories
  - GXRefresh
  - Reusable

SPEC REPOS:
  trunk:
    - GXCategories
    - GXRefresh
    - Reusable

SPEC CHECKSUMS:
  GXCategories: 911f8094403c17a8dd2c4f6a1fb87cfc45d39a96
  GXRefresh: 169350dea83696465d8959249aaecd084179ca35
  Reusable: 6bae6a5e8aa793c9c441db0213c863a64bce9136

PODFILE CHECKSUM: ec2fa20b8310bd69ea5d8ef53228e2462895e970

COCOAPODS: 1.11.3
