PODS:
  - FPSLabel (1.0.1)
  - GXCategories (1.0.5)
  - GXMessagesTableView (1.0.3):
    - GXCategories
    - GXRefresh
  - GXRefresh (1.1.2)
  - Reusable (4.1.2):
    - Reusable/Storyboard (= 4.1.2)
    - Reusable/View (= 4.1.2)
  - Reusable/Storyboard (4.1.2)
  - Reusable/View (4.1.2)
  - SwiftyAttributes (5.3.0)
  - YYText (1.0.7)

DEPENDENCIES:
  - FPSLabel
  - GXMessagesTableView
  - Reusable
  - SwiftyAttributes
  - YYText

SPEC REPOS:
  trunk:
    - FPSLabel
    - GXCategories
    - GXMessagesTableView
    - GXRefresh
    - Reusable
    - SwiftyAttributes
    - YYText

SPEC CHECKSUMS:
  FPSLabel: a6386de76a8fa767102bcb2c18b7c605a3ac3d75
  GXCategories: 911f8094403c17a8dd2c4f6a1fb87cfc45d39a96
  GXMessagesTableView: 5d09e450425a7b1c4f4f5fc060927d6655f8fec9
  GXRefresh: d8c64ca667f1daad0f332cd6066023714fc0da6d
  Reusable: 6bae6a5e8aa793c9c441db0213c863a64bce9136
  SwiftyAttributes: 6d7386e90ac611b6acac8b59e38f34bfa4621c80
  YYText: 5c461d709e24d55a182d1441c41dc639a18a4849

PODFILE CHECKSUM: 7c8f8788ab0df98940a2118e62be94d719df1b62

COCOAPODS: 1.11.3
