PODS:
  - GXCategories (1.0.5)
  - GXMessagesTableView (1.0.2):
    - GXCategories
    - GXRefresh
  - GXRefresh (1.1.2)
  - Reusable (4.1.2):
    - Reusable/Storyboard (= 4.1.2)
    - Reusable/View (= 4.1.2)
  - Reusable/Storyboard (4.1.2)
  - Reusable/View (4.1.2)

DEPENDENCIES:
  - GXMessagesTableView
  - Reusable

SPEC REPOS:
  trunk:
    - GXCategories
    - GXMessagesTableView
    - GXRefresh
    - Reusable

SPEC CHECKSUMS:
  GXCategories: 911f8094403c17a8dd2c4f6a1fb87cfc45d39a96
  GXMessagesTableView: 92fe52f7f74e8469bec332c1217fa620f70424b2
  GXRefresh: d8c64ca667f1daad0f332cd6066023714fc0da6d
  Reusable: 6bae6a5e8aa793c9c441db0213c863a64bce9136

PODFILE CHECKSUM: ae0ce2b25de4332f7610f8c66883a1c837f2ef2f

COCOAPODS: 1.11.3
